// !$*UTF8*$!
{
	archiveVersion = 1;
	classes = {
	};
	objectVersion = 46;
	objects = {

/* Begin PBXBuildFile section */
		DBB3A67A1AD17DD300A62825 /* AppDelegate.swift in Sources */ = {isa = PBXBuildFile; fileRef = DBB3A6791AD17DD300A62825 /* AppDelegate.swift */; };
		DBB3A67C1AD17DD300A62825 /* ViewController.swift in Sources */ = {isa = PBXBuildFile; fileRef = DBB3A67B1AD17DD300A62825 /* ViewController.swift */; };
		DBB3A67F1AD17DD300A62825 /* Main.storyboard in Resources */ = {isa = PBXBuildFile; fileRef = DBB3A67D1AD17DD300A62825 /* Main.storyboard */; };
		DBB3A6811AD17DD300A62825 /* Images.xcassets in Resources */ = {isa = PBXBuildFile; fileRef = DBB3A6801AD17DD300A62825 /* Images.xcassets */; };
		DBB3A6841AD17DD300A62825 /* LaunchScreen.xib in Resources */ = {isa = PBXBuildFile; fileRef = DBB3A6821AD17DD300A62825 /* LaunchScreen.xib */; };
		DBB3A6901AD17DD300A62825 /* memetest01Tests.swift in Sources */ = {isa = PBXBuildFile; fileRef = DBB3A68F1AD17DD300A62825 /* memetest01Tests.swift */; };
/* End PBXBuildFile section */

/* Begin PBXContainerItemProxy section */
		DBB3A68A1AD17DD300A62825 /* PBXContainerItemProxy */ = {
			isa = PBXContainerItemProxy;
			containerPortal = DBB3A66C1AD17DD300A62825 /* Project object */;
			proxyType = 1;
			remoteGlobalIDString = DBB3A6731AD17DD300A62825;
			remoteInfo = memetest01;
		};
/* End PBXContainerItemProxy section */

/* Begin PBXFileReference section */
		DBB3A6741AD17DD300A62825 /* memetest01.app */ = {isa = PBXFileReference; explicitFileType = wrapper.application; includeInIndex = 0; path = memetest01.app; sourceTree = BUILT_PRODUCTS_DIR; };
		DBB3A6781AD17DD300A62825 /* Info.plist */ = {isa = PBXFileReference; lastKnownFileType = text.plist.xml; path = Info.plist; sourceTree = "<group>"; };
		DBB3A6791AD17DD300A62825 /* AppDelegate.swift */ = {isa = PBXFileReference; lastKnownFileType = sourcecode.swift; path = AppDelegate.swift; sourceTree = "<group>"; };
		DBB3A67B1AD17DD300A62825 /* ViewController.swift */ = {isa = PBXFileReference; lastKnownFileType = sourcecode.swift; path = ViewController.swift; sourceTree = "<group>"; };
		DBB3A67E1AD17DD300A62825 /* Base */ = {isa = PBXFileReference; lastKnownFileType = file.storyboard; name = Base; path = Base.lproj/Main.storyboard; sourceTree = "<group>"; };
		DBB3A6801AD17DD300A62825 /* Images.xcassets */ = {isa = PBXFileReference; lastKnownFileType = folder.assetcatalog; path = Images.xcassets; sourceTree = "<group>"; };
		DBB3A6831AD17DD300A62825 /* Base */ = {isa = PBXFileReference; lastKnownFileType = file.xib; name = Base; path = Base.lproj/LaunchScreen.xib; sourceTree = "<group>"; };
		DBB3A6891AD17DD300A62825 /* memetest01Tests.xctest */ = {isa = PBXFileReference; explicitFileType = wrapper.cfbundle; includeInIndex = 0; path = memetest01Tests.xctest; sourceTree = BUILT_PRODUCTS_DIR; };
		DBB3A68E1AD17DD300A62825 /* Info.plist */ = {isa = PBXFileReference; lastKnownFileType = text.plist.xml; path = Info.plist; sourceTree = "<group>"; };
		DBB3A68F1AD17DD300A62825 /* memetest01Tests.swift */ = {isa = PBXFileReference; lastKnownFileType = sourcecode.swift; path = memetest01Tests.swift; sourceTree = "<group>"; };
/* End PBXFileReference section */

/* Begin PBXFrameworksBuildPhase section */
		DBB3A6711AD17DD300A62825 /* Frameworks */ = {
			isa = PBXFrameworksBuildPhase;
			buildActionMask = 2147483647;
			files = (
			);
			runOnlyForDeploymentPostprocessing = 0;
		};
		DBB3A6861AD17DD300A62825 /* Frameworks */ = {
			isa = PBXFrameworksBuildPhase;
			buildActionMask = 2147483647;
			files = (
			);
			runOnlyForDeploymentPostprocessing = 0;
		};
/* End PBXFrameworksBuildPhase section */

/* Begin PBXGroup section */
		DBB3A66B1AD17DD300A62825 = {
			isa = PBXGroup;
			children = (
				DBB3A6761AD17DD300A62825 /* memetest01 */,
				DBB3A68C1AD17DD300A62825 /* memetest01Tests */,
				DBB3A6751AD17DD300A62825 /* Products */,
			);
			sourceTree = "<group>";
		};
		DBB3A6751AD17DD300A62825 /* Products */ = {
			isa = PBXGroup;
			children = (
				DBB3A6741AD17DD300A62825 /* memetest01.app */,
				DBB3A6891AD17DD300A62825 /* memetest01Tests.xctest */,
			);
			name = Products;
			sourceTree = "<group>";
		};
		DBB3A6761AD17DD300A62825 /* memetest01 */ = {
			isa = PBXGroup;
			children = (
				DBB3A6791AD17DD300A62825 /* AppDelegate.swift */,
				DBB3A67B1AD17DD300A62825 /* ViewController.swift */,
				DBB3A67D1AD17DD300A62825 /* Main.storyboard */,
				DBB3A6801AD17DD300A62825 /* Images.xcassets */,
				DBB3A6821AD17DD300A62825 /* LaunchScreen.xib */,
				DBB3A6771AD17DD300A62825 /* Supporting Files */,
			);
			path = memetest01;
			sourceTree = "<group>";
		};
		DBB3A6771AD17DD300A62825 /* Supporting Files */ = {
			isa = PBXGroup;
			children = (
				DBB3A6781AD17DD300A62825 /* Info.plist */,
			);
			name = "Supporting Files";
			sourceTree = "<group>";
		};
		DBB3A68C1AD17DD300A62825 /* memetest01Tests */ = {
			isa = PBXGroup;
			children = (
				DBB3A68F1AD17DD300A62825 /* memetest01Tests.swift */,
				DBB3A68D1AD17DD300A62825 /* Supporting Files */,
			);
			path = memetest01Tests;
			sourceTree = "<group>";
		};
		DBB3A68D1AD17DD300A62825 /* Supporting Files */ = {
			isa = PBXGroup;
			children = (
				DBB3A68E1AD17DD300A62825 /* Info.plist */,
			);
			name = "Supporting Files";
			sourceTree = "<group>";
		};
/* End PBXGroup section */

/* Begin PBXNativeTarget section */
		DBB3A6731AD17DD300A62825 /* memetest01 */ = {
			isa = PBXNativeTarget;
			buildConfigurationList = DBB3A6931AD17DD300A62825 /* Build configuration list for PBXNativeTarget "memetest01" */;
			buildPhases = (
				DBB3A6701AD17DD300A62825 /* Sources */,
				DBB3A6711AD17DD300A62825 /* Frameworks */,
				DBB3A6721AD17DD300A62825 /* Resources */,
			);
			buildRules = (
			);
			dependencies = (
			);
			name = memetest01;
			productName = memetest01;
			productReference = DBB3A6741AD17DD300A62825 /* memetest01.app */;
			productType = "com.apple.product-type.application";
		};
		DBB3A6881AD17DD300A62825 /* memetest01Tests */ = {
			isa = PBXNativeTarget;
			buildConfigurationList = DBB3A6961AD17DD300A62825 /* Build configuration list for PBXNativeTarget "memetest01Tests" */;
			buildPhases = (
				DBB3A6851AD17DD300A62825 /* Sources */,
				DBB3A6861AD17DD300A62825 /* Frameworks */,
				DBB3A6871AD17DD300A62825 /* Resources */,
			);
			buildRules = (
			);
			dependencies = (
				DBB3A68B1AD17DD300A62825 /* PBXTargetDependency */,
			);
			name = memetest01Tests;
			productName = memetest01Tests;
			productReference = DBB3A6891AD17DD300A62825 /* memetest01Tests.xctest */;
			productType = "com.apple.product-type.bundle.unit-test";
		};
/* End PBXNativeTarget section */

/* Begin PBXProject section */
		DBB3A66C1AD17DD300A62825 /* Project object */ = {
			isa = PBXProject;
			attributes = {
				LastUpgradeCheck = 0620;
				ORGANIZATIONNAME = "Cesar Ramirez";
				TargetAttributes = {
					DBB3A6731AD17DD300A62825 = {
						CreatedOnToolsVersion = 6.2;
					};
					DBB3A6881AD17DD300A62825 = {
						CreatedOnToolsVersion = 6.2;
						TestTargetID = DBB3A6731AD17DD300A62825;
					};
				};
			};
			buildConfigurationList = DBB3A66F1AD17DD300A62825 /* Build configuration list for PBXProject "memetest01" */;
			compatibilityVersion = "Xcode 3.2";
			developmentRegion = English;
			hasScannedForEncodings = 0;
			knownRegions = (
				en,
				Base,
			);
			mainGroup = DBB3A66B1AD17DD300A62825;
			productRefGroup = DBB3A6751AD17DD300A62825 /* Products */;
			projectDirPath = "";
			projectRoot = "";
			targets = (
				DBB3A6731AD17DD300A62825 /* memetest01 */,
				DBB3A6881AD17DD300A62825 /* memetest01Tests */,
			);
		};
/* End PBXProject section */

/* Begin PBXResourcesBuildPhase section */
		DBB3A6721AD17DD300A62825 /* Resources */ = {
			isa = PBXResourcesBuildPhase;
			buildActionMask = 2147483647;
			files = (
				DBB3A67F1AD17DD300A62825 /* Main.storyboard in Resources */,
				DBB3A6841AD17DD300A62825 /* LaunchScreen.xib in Resources */,
				DBB3A6811AD17DD300A62825 /* Images.xcassets in Resources */,
			);
			runOnlyForDeploymentPostprocessing = 0;
		};
		DBB3A6871AD17DD300A62825 /* Resources */ = {
			isa = PBXResourcesBuildPhase;
			buildActionMask = 2147483647;
			files = (
			);
			runOnlyForDeploymentPostprocessing = 0;
		};
/* End PBXResourcesBuildPhase section */

/* Begin PBXSourcesBuildPhase section */
		DBB3A6701AD17DD300A62825 /* Sources */ = {
			isa = PBXSourcesBuildPhase;
			buildActionMask = 2147483647;
			files = (
				DBB3A67C1AD17DD300A62825 /* ViewController.swift in Sources */,
				DBB3A67A1AD17DD300A62825 /* AppDelegate.swift in Sources */,
			);
			runOnlyForDeploymentPostprocessing = 0;
		};
		DBB3A6851AD17DD300A62825 /* Sources */ = {
			isa = PBXSourcesBuildPhase;
			buildActionMask = 2147483647;
			files = (
				DBB3A6901AD17DD300A62825 /* memetest01Tests.swift in Sources */,
			);
			runOnlyForDeploymentPostprocessing = 0;
		};
/* End PBXSourcesBuildPhase section */

/* Begin PBXTargetDependency section */
		DBB3A68B1AD17DD300A62825 /* PBXTargetDependency */ = {
			isa = PBXTargetDependency;
			target = DBB3A6731AD17DD300A62825 /* memetest01 */;
			targetProxy = DBB3A68A1AD17DD300A62825 /* PBXContainerItemProxy */;
		};
/* End PBXTargetDependency section */

/* Begin PBXVariantGroup section */
		DBB3A67D1AD17DD300A62825 /* Main.storyboard */ = {
			isa = PBXVariantGroup;
			children = (
				DBB3A67E1AD17DD300A62825 /* Base */,
			);
			name = Main.storyboard;
			sourceTree = "<group>";
		};
		DBB3A6821AD17DD300A62825 /* LaunchScreen.xib */ = {
			isa = PBXVariantGroup;
			children = (
				DBB3A6831AD17DD300A62825 /* Base */,
			);
			name = LaunchScreen.xib;
			sourceTree = "<group>";
		};
/* End PBXVariantGroup section */

/* Begin XCBuildConfiguration section */
		DBB3A6911AD17DD300A62825 /* Debug */ = {
			isa = XCBuildConfiguration;
			buildSettings = {
				ALWAYS_SEARCH_USER_PATHS = NO;
				CLANG_CXX_LANGUAGE_STANDARD = "gnu++0x";
				CLANG_CXX_LIBRARY = "libc++";
				CLANG_ENABLE_MODULES = YES;
				CLANG_ENABLE_OBJC_ARC = YES;
				CLANG_WARN_BOOL_CONVERSION = YES;
				CLANG_WARN_CONSTANT_CONVERSION = YES;
				CLANG_WARN_DIRECT_OBJC_ISA_USAGE = YES_ERROR;
				CLANG_WARN_EMPTY_BODY = YES;
				CLANG_WARN_ENUM_CONVERSION = YES;
				CLANG_WARN_INT_CONVERSION = YES;
				CLANG_WARN_OBJC_ROOT_CLASS = YES_ERROR;
				CLANG_WARN_UNREACHABLE_CODE = YES;
				CLANG_WARN__DUPLICATE_METHOD_MATCH = YES;
				"CODE_SIGN_IDENTITY[sdk=iphoneos*]" = "iPhone Developer";
				COPY_PHASE_STRIP = NO;
				ENABLE_STRICT_OBJC_MSGSEND = YES;
				GCC_C_LANGUAGE_STANDARD = gnu99;
				GCC_DYNAMIC_NO_PIC = NO;
				GCC_OPTIMIZATION_LEVEL = 0;
				GCC_PREPROCESSOR_DEFINITIONS = (
					"DEBUG=1",
					"$(inherited)",
				);
				GCC_SYMBOLS_PRIVATE_EXTERN = NO;
				GCC_WARN_64_TO_32_BIT_CONVERSION = YES;
				GCC_WARN_ABOUT_RETURN_TYPE = YES_ERROR;
				GCC_WARN_UNDECLARED_SELECTOR = YES;
				GCC_WARN_UNINITIALIZED_AUTOS = YES_AGGRESSIVE;
				GCC_WARN_UNUSED_FUNCTION = YES;
				GCC_WARN_UNUSED_VARIABLE = YES;
				IPHONEOS_DEPLOYMENT_TARGET = 8.2;
				MTL_ENABLE_DEBUG_INFO = YES;
				ONLY_ACTIVE_ARCH = YES;
				SDKROOT = iphoneos;
				SWIFT_OPTIMIZATION_LEVEL = "-Onone";
				TARGETED_DEVICE_FAMILY = "1,2";
			};
			name = Debug;
		};
		DBB3A6921AD17DD300A62825 /* Release */ = {
			isa = XCBuildConfiguration;
			buildSettings = {
				ALWAYS_SEARCH_USER_PATHS = NO;
				CLANG_CXX_LANGUAGE_STANDARD = "gnu++0x";
				CLANG_CXX_LIBRARY = "libc++";
				CLANG_ENABLE_MODULES = YES;
				CLANG_ENABLE_OBJC_ARC = YES;
				CLANG_WARN_BOOL_CONVERSION = YES;
				CLANG_WARN_CONSTANT_CONVERSION = YES;
				CLANG_WARN_DIRECT_OBJC_ISA_USAGE = YES_ERROR;
				CLANG_WARN_EMPTY_BODY = YES;
				CLANG_WARN_ENUM_CONVERSION = YES;
				CLANG_WARN_INT_CONVERSION = YES;
				CLANG_WARN_OBJC_ROOT_CLASS = YES_ERROR;
				CLANG_WARN_UNREACHABLE_CODE = YES;
				CLANG_WARN__DUPLICATE_METHOD_MATCH = YES;
				"CODE_SIGN_IDENTITY[sdk=iphoneos*]" = "iPhone Developer";
				COPY_PHASE_STRIP = NO;
				ENABLE_NS_ASSERTIONS = NO;
				ENABLE_STRICT_OBJC_MSGSEND = YES;
				GCC_C_LANGUAGE_STANDARD = gnu99;
				GCC_WARN_64_TO_32_BIT_CONVERSION = YES;
				GCC_WARN_ABOUT_RETURN_TYPE = YES_ERROR;
				GCC_WARN_UNDECLARED_SELECTOR = YES;
				GCC_WARN_UNINITIALIZED_AUTOS = YES_AGGRESSIVE;
				GCC_WARN_UNUSED_FUNCTION = YES;
				GCC_WARN_UNUSED_VARIABLE = YES;
				IPHONEOS_DEPLOYMENT_TARGET = 8.2;
				MTL_ENABLE_DEBUG_INFO = NO;
				SDKROOT = iphoneos;
				TARGETED_DEVICE_FAMILY = "1,2";
				VALIDATE_PRODUCT = YES;
			};
			name = Release;
		};
		DBB3A6941AD17DD300A62825 /* Debug */ = {
			isa = XCBuildConfiguration;
			buildSettings = {
				ASSETCATALOG_COMPILER_APPICON_NAME = AppIcon;
				INFOPLIST_FILE = memetest01/Info.plist;
				LD_RUNPATH_SEARCH_PATHS = "$(inherited) @executable_path/Frameworks";
				PRODUCT_NAME = "$(TARGET_NAME)";
			};
			name = Debug;
		};
		DBB3A6951AD17DD300A62825 /* Release */ = {
			isa = XCBuildConfiguration;
			buildSettings = {
				ASSETCATALOG_COMPILER_APPICON_NAME = AppIcon;
				INFOPLIST_FILE = memetest01/Info.plist;
				LD_RUNPATH_SEARCH_PATHS = "$(inherited) @executable_path/Frameworks";
				PRODUCT_NAME = "$(TARGET_NAME)";
			};
			name = Release;
		};
		DBB3A6971AD17DD300A62825 /* Debug */ = {
			isa = XCBuildConfiguration;
			buildSettings = {
				BUNDLE_LOADER = "$(TEST_HOST)";
				FRAMEWORK_SEARCH_PATHS = (
					"$(SDKROOT)/Developer/Library/Frameworks",
					"$(inherited)",
				);
				GCC_PREPROCESSOR_DEFINITIONS = (
					"DEBUG=1",
					"$(inherited)",
				);
				INFOPLIST_FILE = memetest01Tests/Info.plist;
				LD_RUNPATH_SEARCH_PATHS = "$(inherited) @executable_path/Frameworks @loader_path/Frameworks";
				PRODUCT_NAME = "$(TARGET_NAME)";
				TEST_HOST = "$(BUILT_PRODUCTS_DIR)/memetest01.app/memetest01";
			};
			name = Debug;
		};
		DBB3A6981AD17DD300A62825 /* Release */ = {
			isa = XCBuildConfiguration;
			buildSettings = {
				BUNDLE_LOADER = "$(TEST_HOST)";
				FRAMEWORK_SEARCH_PATHS = (
					"$(SDKROOT)/Developer/Library/Frameworks",
					"$(inherited)",
				);
				INFOPLIST_FILE = memetest01Tests/Info.plist;
				LD_RUNPATH_SEARCH_PATHS = "$(inherited) @executable_path/Frameworks @loader_path/Frameworks";
				PRODUCT_NAME = "$(TARGET_NAME)";
				TEST_HOST = "$(BUILT_PRODUCTS_DIR)/memetest01.app/memetest01";
			};
			name = Release;
		};
/* End XCBuildConfiguration section */

/* Begin XCConfigurationList section */
		DBB3A66F1AD17DD300A62825 /* Build configuration list for PBXProject "memetest01" */ = {
			isa = XCConfigurationList;
			buildConfigurations = (
				DBB3A6911AD17DD300A62825 /* Debug */,
				DBB3A6921AD17DD300A62825 /* Release */,
			);
			defaultConfigurationIsVisible = 0;
			defaultConfigurationName = Release;
		};
		DBB3A6931AD17DD300A62825 /* Build configuration list for PBXNativeTarget "memetest01" */ = {
			isa = XCConfigurationList;
			buildConfigurations = (
				DBB3A6941AD17DD300A62825 /* Debug */,
				DBB3A6951AD17DD300A62825 /* Release */,
			);
			defaultConfigurationIsVisible = 0;
		};
		DBB3A6961AD17DD300A62825 /* Build configuration list for PBXNativeTarget "memetest01Tests" */ = {
			isa = XCConfigurationList;
			buildConfigurations = (
				DBB3A6971AD17DD300A62825 /* Debug */,
				DBB3A6981AD17DD300A62825 /* Release */,
			);
			defaultConfigurationIsVisible = 0;
		};
/* End XCConfigurationList section */
	};
	rootObject = DBB3A66C1AD17DD300A62825 /* Project object */;
}
